{
    "name": "without-express",
    "version": "1.0.0",
    "lockfileVersion": 3,
    "requires": true,
    "packages": {
        "": {
            "name": "without-express",
            "version": "1.0.0",
            "license": "ISC",
            "dependencies": {
                "wapidi": "file:../.."
            }
        },
        "../..": {
            "version": "0.5.0",
            "license": "MIT",
            "devDependencies": {
                "@types/express": "^5.0.0",
                "rimraf": "^6.0.1"
            },
            "peerDependencies": {
                "express": "^4.21.2",
                "typescript": "^5.7.3"
            },
            "peerDependenciesMeta": {
                "express": {
                    "optional": true
                }
            }
        },
        "node_modules/wapidi": {
            "resolved": "../..",
            "link": true
        }
    }
}
